// !$*UTF8*$!
{
	archiveVersion = 1;
	classes = {
	};
	objectVersion = 52;
	objects = {

/* Begin PBXBuildFile section */
		02447A8D26D94F75004A6CE9 /* OctopusDemoApp.swift in Sources */ = {isa = PBXBuildFile; fileRef = 02447A8C26D94F75004A6CE9 /* OctopusDemoApp.swift */; };
		02447A8F26D94F75004A6CE9 /* ContentView.swift in Sources */ = {isa = PBXBuildFile; fileRef = 02447A8E26D94F75004A6CE9 /* ContentView.swift */; };
		02447A9126D94F7C004A6CE9 /* Assets.xcassets in Resources */ = {isa = PBXBuildFile; fileRef = 02447A9026D94F7C004A6CE9 /* Assets.xcassets */; };
		02447AAA26D94F7D004A6CE9 /* OctopusDemoUITests.swift in Sources */ = {isa = PBXBuildFile; fileRef = 02447AA926D94F7D004A6CE9 /* OctopusDemoUITests.swift */; };
		02447AC326D97700004A6CE9 /* audio in Resources */ = {isa = PBXBuildFile; fileRef = 02447AC226D97700004A6CE9 /* audio */; };
		1E2E25932705294E00AE2554 /* octopus_params.pv in Resources */ = {isa = PBXBuildFile; fileRef = C7394CA726F51BE800F3C612 /* octopus_params.pv */; };
		C755636E26F5043C0056D84F /* Octopus.swift in Sources */ = {isa = PBXBuildFile; fileRef = C755636C26F5043C0056D84F /* Octopus.swift */; };
		C755636F26F5043C0056D84F /* OctopusMetadata.swift in Sources */ = {isa = PBXBuildFile; fileRef = C755636D26F5043C0056D84F /* OctopusMetadata.swift */; };
		C755637226F5049B0056D84F /* PvOctopus.xcframework in Frameworks */ = {isa = PBXBuildFile; fileRef = C755637126F5049B0056D84F /* PvOctopus.xcframework */; };
		C755637326F5049B0056D84F /* PvOctopus.xcframework in Embed Frameworks */ = {isa = PBXBuildFile; fileRef = C755637126F5049B0056D84F /* PvOctopus.xcframework */; settings = {ATTRIBUTES = (CodeSignOnCopy, RemoveHeadersOnCopy, ); }; };
		C76A415E2703AFB000DB57D6 /* PvOctopus.xcframework in Frameworks */ = {isa = PBXBuildFile; fileRef = C755637126F5049B0056D84F /* PvOctopus.xcframework */; };
		C76A41602703B17000DB57D6 /* ViewModel.swift in Sources */ = {isa = PBXBuildFile; fileRef = C76A415F2703B17000DB57D6 /* ViewModel.swift */; };
		C76A41612703BA6A00DB57D6 /* octopus_params.pv in Resources */ = {isa = PBXBuildFile; fileRef = C7394CA726F51BE800F3C612 /* octopus_params.pv */; };
		C7CE1CBF26F5123B007F46C8 /* Octopus.swift in Sources */ = {isa = PBXBuildFile; fileRef = C755636C26F5043C0056D84F /* Octopus.swift */; };
		C7CE1CC026F5123E007F46C8 /* OctopusMetadata.swift in Sources */ = {isa = PBXBuildFile; fileRef = C755636D26F5043C0056D84F /* OctopusMetadata.swift */; };
/* End PBXBuildFile section */

/* Begin PBXContainerItemProxy section */
		02447AA626D94F7D004A6CE9 /* PBXContainerItemProxy */ = {
			isa = PBXContainerItemProxy;
			containerPortal = 02447A8126D94F74004A6CE9 /* Project object */;
			proxyType = 1;
			remoteGlobalIDString = 02447A8826D94F75004A6CE9;
			remoteInfo = OctopusDemo;
		};
/* End PBXContainerItemProxy section */

/* Begin PBXCopyFilesBuildPhase section */
		02447AC026D95A85004A6CE9 /* Embed Frameworks */ = {
			isa = PBXCopyFilesBuildPhase;
			buildActionMask = 2147483647;
			dstPath = "";
			dstSubfolderSpec = 10;
			files = (
				C755637326F5049B0056D84F /* PvOctopus.xcframework in Embed Frameworks */,
			);
			name = "Embed Frameworks";
			runOnlyForDeploymentPostprocessing = 0;
		};
/* End PBXCopyFilesBuildPhase section */

/* Begin PBXFileReference section */
		02447A8926D94F75004A6CE9 /* OctopusDemo.app */ = {isa = PBXFileReference; explicitFileType = wrapper.application; includeInIndex = 0; path = OctopusDemo.app; sourceTree = BUILT_PRODUCTS_DIR; };
		02447A8C26D94F75004A6CE9 /* OctopusDemoApp.swift */ = {isa = PBXFileReference; lastKnownFileType = sourcecode.swift; path = OctopusDemoApp.swift; sourceTree = "<group>"; };
		02447A8E26D94F75004A6CE9 /* ContentView.swift */ = {isa = PBXFileReference; lastKnownFileType = sourcecode.swift; path = ContentView.swift; sourceTree = "<group>"; };
		02447A9026D94F7C004A6CE9 /* Assets.xcassets */ = {isa = PBXFileReference; lastKnownFileType = folder.assetcatalog; path = Assets.xcassets; sourceTree = "<group>"; };
		02447A9526D94F7C004A6CE9 /* Info.plist */ = {isa = PBXFileReference; lastKnownFileType = text.plist.xml; path = Info.plist; sourceTree = "<group>"; };
		02447AA526D94F7D004A6CE9 /* OctopusDemoUITests.xctest */ = {isa = PBXFileReference; explicitFileType = wrapper.cfbundle; includeInIndex = 0; path = OctopusDemoUITests.xctest; sourceTree = BUILT_PRODUCTS_DIR; };
		02447AA926D94F7D004A6CE9 /* OctopusDemoUITests.swift */ = {isa = PBXFileReference; lastKnownFileType = sourcecode.swift; path = OctopusDemoUITests.swift; sourceTree = "<group>"; };
		02447AAB26D94F7D004A6CE9 /* Info.plist */ = {isa = PBXFileReference; lastKnownFileType = text.plist.xml; path = Info.plist; sourceTree = "<group>"; };
		02447AC226D97700004A6CE9 /* audio */ = {isa = PBXFileReference; lastKnownFileType = folder; name = audio; path = ../../../../res/audio; sourceTree = "<group>"; };
		C7394CA726F51BE800F3C612 /* octopus_params.pv */ = {isa = PBXFileReference; lastKnownFileType = file; name = octopus_params.pv; path = ../../../lib/common/octopus_params.pv; sourceTree = "<group>"; };
		C755636C26F5043C0056D84F /* Octopus.swift */ = {isa = PBXFileReference; fileEncoding = 4; lastKnownFileType = sourcecode.swift; name = Octopus.swift; path = ../../../../binding/ios/Octopus.swift; sourceTree = "<group>"; };
		C755636D26F5043C0056D84F /* OctopusMetadata.swift */ = {isa = PBXFileReference; fileEncoding = 4; lastKnownFileType = sourcecode.swift; name = OctopusMetadata.swift; path = ../../../../binding/ios/OctopusMetadata.swift; sourceTree = "<group>"; };
		C755637126F5049B0056D84F /* PvOctopus.xcframework */ = {isa = PBXFileReference; lastKnownFileType = wrapper.xcframework; name = PvOctopus.xcframework; path = ../../../lib/ios/PvOctopus.xcframework; sourceTree = "<group>"; };
		C76A415F2703B17000DB57D6 /* ViewModel.swift */ = {isa = PBXFileReference; lastKnownFileType = sourcecode.swift; path = ViewModel.swift; sourceTree = "<group>"; };
/* End PBXFileReference section */

/* Begin PBXFrameworksBuildPhase section */
		02447A8626D94F75004A6CE9 /* Frameworks */ = {
			isa = PBXFrameworksBuildPhase;
			buildActionMask = 2147483647;
			files = (
				C755637226F5049B0056D84F /* PvOctopus.xcframework in Frameworks */,
				C76A415E2703AFB000DB57D6 /* PvOctopus.xcframework in Frameworks */,
			);
			runOnlyForDeploymentPostprocessing = 0;
		};
		02447AA226D94F7D004A6CE9 /* Frameworks */ = {
			isa = PBXFrameworksBuildPhase;
			buildActionMask = 2147483647;
			files = (
			);
			runOnlyForDeploymentPostprocessing = 0;
		};
/* End PBXFrameworksBuildPhase section */

/* Begin PBXGroup section */
		02447A8026D94F74004A6CE9 = {
			isa = PBXGroup;
			children = (
				C7394CA726F51BE800F3C612 /* octopus_params.pv */,
				02447A8B26D94F75004A6CE9 /* OctopusDemo */,
				02447AA826D94F7D004A6CE9 /* OctopusDemoUITests */,
				02447A8A26D94F75004A6CE9 /* Products */,
				7983C9752CBB2C0CDEFFB371 /* Pods */,
				C755637026F5049B0056D84F /* Frameworks */,
			);
			sourceTree = "<group>";
		};
		02447A8A26D94F75004A6CE9 /* Products */ = {
			isa = PBXGroup;
			children = (
				02447A8926D94F75004A6CE9 /* OctopusDemo.app */,
				02447AA526D94F7D004A6CE9 /* OctopusDemoUITests.xctest */,
			);
			name = Products;
			sourceTree = "<group>";
		};
		02447A8B26D94F75004A6CE9 /* OctopusDemo */ = {
			isa = PBXGroup;
			children = (
				C755636C26F5043C0056D84F /* Octopus.swift */,
				C755636D26F5043C0056D84F /* OctopusMetadata.swift */,
				02447A8C26D94F75004A6CE9 /* OctopusDemoApp.swift */,
				02447A8E26D94F75004A6CE9 /* ContentView.swift */,
				02447A9026D94F7C004A6CE9 /* Assets.xcassets */,
				02447A9526D94F7C004A6CE9 /* Info.plist */,
				C76A415F2703B17000DB57D6 /* ViewModel.swift */,
			);
			path = OctopusDemo;
			sourceTree = "<group>";
		};
		02447AA826D94F7D004A6CE9 /* OctopusDemoUITests */ = {
			isa = PBXGroup;
			children = (
				02447AC126D976EA004A6CE9 /* test_resources */,
				02447AA926D94F7D004A6CE9 /* OctopusDemoUITests.swift */,
				02447AAB26D94F7D004A6CE9 /* Info.plist */,
			);
			path = OctopusDemoUITests;
			sourceTree = "<group>";
		};
		02447AC126D976EA004A6CE9 /* test_resources */ = {
			isa = PBXGroup;
			children = (
				02447AC226D97700004A6CE9 /* audio */,
			);
			name = test_resources;
			sourceTree = "<group>";
		};
		7983C9752CBB2C0CDEFFB371 /* Pods */ = {
			isa = PBXGroup;
			children = (
			);
			path = Pods;
			sourceTree = "<group>";
		};
		C755637026F5049B0056D84F /* Frameworks */ = {
			isa = PBXGroup;
			children = (
				C755637126F5049B0056D84F /* PvOctopus.xcframework */,
			);
			name = Frameworks;
			sourceTree = "<group>";
		};
/* End PBXGroup section */

/* Begin PBXNativeTarget section */
		02447A8826D94F75004A6CE9 /* OctopusDemo */ = {
			isa = PBXNativeTarget;
			buildConfigurationList = 02447AAE26D94F7D004A6CE9 /* Build configuration list for PBXNativeTarget "OctopusDemo" */;
			buildPhases = (
				02447A8526D94F75004A6CE9 /* Sources */,
				02447A8626D94F75004A6CE9 /* Frameworks */,
				02447A8726D94F75004A6CE9 /* Resources */,
				02447AC026D95A85004A6CE9 /* Embed Frameworks */,
			);
			buildRules = (
			);
			dependencies = (
			);
			name = OctopusDemo;
			productName = OctopusDemo;
			productReference = 02447A8926D94F75004A6CE9 /* OctopusDemo.app */;
			productType = "com.apple.product-type.application";
		};
		02447AA426D94F7D004A6CE9 /* OctopusDemoUITests */ = {
			isa = PBXNativeTarget;
			buildConfigurationList = 02447AB426D94F7D004A6CE9 /* Build configuration list for PBXNativeTarget "OctopusDemoUITests" */;
			buildPhases = (
				02447AA126D94F7D004A6CE9 /* Sources */,
				02447AA226D94F7D004A6CE9 /* Frameworks */,
				02447AA326D94F7D004A6CE9 /* Resources */,
			);
			buildRules = (
			);
			dependencies = (
				02447AA726D94F7D004A6CE9 /* PBXTargetDependency */,
			);
			name = OctopusDemoUITests;
			productName = OctopusDemoUITests;
			productReference = 02447AA526D94F7D004A6CE9 /* OctopusDemoUITests.xctest */;
			productType = "com.apple.product-type.bundle.ui-testing";
		};
/* End PBXNativeTarget section */

/* Begin PBXProject section */
		02447A8126D94F74004A6CE9 /* Project object */ = {
			isa = PBXProject;
			attributes = {
				LastSwiftUpdateCheck = 1250;
				LastUpgradeCheck = 1250;
				TargetAttributes = {
					02447A8826D94F75004A6CE9 = {
						CreatedOnToolsVersion = 12.5;
					};
					02447AA426D94F7D004A6CE9 = {
						CreatedOnToolsVersion = 12.5;
						TestTargetID = 02447A8826D94F75004A6CE9;
					};
				};
			};
			buildConfigurationList = 02447A8426D94F74004A6CE9 /* Build configuration list for PBXProject "OctopusDemo" */;
			compatibilityVersion = "Xcode 9.3";
			developmentRegion = en;
			hasScannedForEncodings = 0;
			knownRegions = (
				en,
				Base,
			);
			mainGroup = 02447A8026D94F74004A6CE9;
			productRefGroup = 02447A8A26D94F75004A6CE9 /* Products */;
			projectDirPath = "";
			projectRoot = "";
			targets = (
				02447A8826D94F75004A6CE9 /* OctopusDemo */,
				02447AA426D94F7D004A6CE9 /* OctopusDemoUITests */,
			);
		};
/* End PBXProject section */

/* Begin PBXResourcesBuildPhase section */
		02447A8726D94F75004A6CE9 /* Resources */ = {
			isa = PBXResourcesBuildPhase;
			buildActionMask = 2147483647;
			files = (
				C76A41612703BA6A00DB57D6 /* octopus_params.pv in Resources */,
				02447A9126D94F7C004A6CE9 /* Assets.xcassets in Resources */,
			);
			runOnlyForDeploymentPostprocessing = 0;
		};
		02447AA326D94F7D004A6CE9 /* Resources */ = {
			isa = PBXResourcesBuildPhase;
			buildActionMask = 2147483647;
			files = (
				1E2E25932705294E00AE2554 /* octopus_params.pv in Resources */,
				02447AC326D97700004A6CE9 /* audio in Resources */,
			);
			runOnlyForDeploymentPostprocessing = 0;
		};
/* End PBXResourcesBuildPhase section */

/* Begin PBXSourcesBuildPhase section */
		02447A8526D94F75004A6CE9 /* Sources */ = {
			isa = PBXSourcesBuildPhase;
			buildActionMask = 2147483647;
			files = (
				C76A41602703B17000DB57D6 /* ViewModel.swift in Sources */,
				02447A8F26D94F75004A6CE9 /* ContentView.swift in Sources */,
				02447A8D26D94F75004A6CE9 /* OctopusDemoApp.swift in Sources */,
				C755636F26F5043C0056D84F /* OctopusMetadata.swift in Sources */,
				C755636E26F5043C0056D84F /* Octopus.swift in Sources */,
			);
			runOnlyForDeploymentPostprocessing = 0;
		};
		02447AA126D94F7D004A6CE9 /* Sources */ = {
			isa = PBXSourcesBuildPhase;
			buildActionMask = 2147483647;
			files = (
				02447AAA26D94F7D004A6CE9 /* OctopusDemoUITests.swift in Sources */,
				C7CE1CBF26F5123B007F46C8 /* Octopus.swift in Sources */,
				C7CE1CC026F5123E007F46C8 /* OctopusMetadata.swift in Sources */,
			);
			runOnlyForDeploymentPostprocessing = 0;
		};
/* End PBXSourcesBuildPhase section */

/* Begin PBXTargetDependency section */
		02447AA726D94F7D004A6CE9 /* PBXTargetDependency */ = {
			isa = PBXTargetDependency;
			target = 02447A8826D94F75004A6CE9 /* OctopusDemo */;
			targetProxy = 02447AA626D94F7D004A6CE9 /* PBXContainerItemProxy */;
		};
/* End PBXTargetDependency section */

/* Begin XCBuildConfiguration section */
		02447AAC26D94F7D004A6CE9 /* Debug */ = {
			isa = XCBuildConfiguration;
			buildSettings = {
				ALWAYS_SEARCH_USER_PATHS = NO;
				CLANG_ANALYZER_NONNULL = YES;
				CLANG_ANALYZER_NUMBER_OBJECT_CONVERSION = YES_AGGRESSIVE;
				CLANG_CXX_LANGUAGE_STANDARD = "gnu++14";
				CLANG_CXX_LIBRARY = "libc++";
				CLANG_ENABLE_MODULES = YES;
				CLANG_ENABLE_OBJC_ARC = YES;
				CLANG_ENABLE_OBJC_WEAK = YES;
				CLANG_WARN_BLOCK_CAPTURE_AUTORELEASING = YES;
				CLANG_WARN_BOOL_CONVERSION = YES;
				CLANG_WARN_COMMA = YES;
				CLANG_WARN_CONSTANT_CONVERSION = YES;
				CLANG_WARN_DEPRECATED_OBJC_IMPLEMENTATIONS = YES;
				CLANG_WARN_DIRECT_OBJC_ISA_USAGE = YES_ERROR;
				CLANG_WARN_DOCUMENTATION_COMMENTS = YES;
				CLANG_WARN_EMPTY_BODY = YES;
				CLANG_WARN_ENUM_CONVERSION = YES;
				CLANG_WARN_INFINITE_RECURSION = YES;
				CLANG_WARN_INT_CONVERSION = YES;
				CLANG_WARN_NON_LITERAL_NULL_CONVERSION = YES;
				CLANG_WARN_OBJC_IMPLICIT_RETAIN_SELF = YES;
				CLANG_WARN_OBJC_LITERAL_CONVERSION = YES;
				CLANG_WARN_OBJC_ROOT_CLASS = YES_ERROR;
				CLANG_WARN_QUOTED_INCLUDE_IN_FRAMEWORK_HEADER = YES;
				CLANG_WARN_RANGE_LOOP_ANALYSIS = YES;
				CLANG_WARN_STRICT_PROTOTYPES = YES;
				CLANG_WARN_SUSPICIOUS_MOVE = YES;
				CLANG_WARN_UNGUARDED_AVAILABILITY = YES_AGGRESSIVE;
				CLANG_WARN_UNREACHABLE_CODE = YES;
				CLANG_WARN__DUPLICATE_METHOD_MATCH = YES;
				COPY_PHASE_STRIP = NO;
				DEBUG_INFORMATION_FORMAT = dwarf;
				ENABLE_STRICT_OBJC_MSGSEND = YES;
				ENABLE_TESTABILITY = YES;
				GCC_C_LANGUAGE_STANDARD = gnu11;
				GCC_DYNAMIC_NO_PIC = NO;
				GCC_NO_COMMON_BLOCKS = YES;
				GCC_OPTIMIZATION_LEVEL = 0;
				GCC_PREPROCESSOR_DEFINITIONS = (
					"DEBUG=1",
					"$(inherited)",
				);
				GCC_WARN_64_TO_32_BIT_CONVERSION = YES;
				GCC_WARN_ABOUT_RETURN_TYPE = YES_ERROR;
				GCC_WARN_UNDECLARED_SELECTOR = YES;
				GCC_WARN_UNINITIALIZED_AUTOS = YES_AGGRESSIVE;
				GCC_WARN_UNUSED_FUNCTION = YES;
				GCC_WARN_UNUSED_VARIABLE = YES;
				IPHONEOS_DEPLOYMENT_TARGET = 14.5;
				MTL_ENABLE_DEBUG_INFO = INCLUDE_SOURCE;
				MTL_FAST_MATH = YES;
				ONLY_ACTIVE_ARCH = YES;
				SDKROOT = iphoneos;
				SWIFT_ACTIVE_COMPILATION_CONDITIONS = DEBUG;
				SWIFT_OPTIMIZATION_LEVEL = "-Onone";
			};
			name = Debug;
		};
		02447AAD26D94F7D004A6CE9 /* Release */ = {
			isa = XCBuildConfiguration;
			buildSettings = {
				ALWAYS_SEARCH_USER_PATHS = NO;
				CLANG_ANALYZER_NONNULL = YES;
				CLANG_ANALYZER_NUMBER_OBJECT_CONVERSION = YES_AGGRESSIVE;
				CLANG_CXX_LANGUAGE_STANDARD = "gnu++14";
				CLANG_CXX_LIBRARY = "libc++";
				CLANG_ENABLE_MODULES = YES;
				CLANG_ENABLE_OBJC_ARC = YES;
				CLANG_ENABLE_OBJC_WEAK = YES;
				CLANG_WARN_BLOCK_CAPTURE_AUTORELEASING = YES;
				CLANG_WARN_BOOL_CONVERSION = YES;
				CLANG_WARN_COMMA = YES;
				CLANG_WARN_CONSTANT_CONVERSION = YES;
				CLANG_WARN_DEPRECATED_OBJC_IMPLEMENTATIONS = YES;
				CLANG_WARN_DIRECT_OBJC_ISA_USAGE = YES_ERROR;
				CLANG_WARN_DOCUMENTATION_COMMENTS = YES;
				CLANG_WARN_EMPTY_BODY = YES;
				CLANG_WARN_ENUM_CONVERSION = YES;
				CLANG_WARN_INFINITE_RECURSION = YES;
				CLANG_WARN_INT_CONVERSION = YES;
				CLANG_WARN_NON_LITERAL_NULL_CONVERSION = YES;
				CLANG_WARN_OBJC_IMPLICIT_RETAIN_SELF = YES;
				CLANG_WARN_OBJC_LITERAL_CONVERSION = YES;
				CLANG_WARN_OBJC_ROOT_CLASS = YES_ERROR;
				CLANG_WARN_QUOTED_INCLUDE_IN_FRAMEWORK_HEADER = YES;
				CLANG_WARN_RANGE_LOOP_ANALYSIS = YES;
				CLANG_WARN_STRICT_PROTOTYPES = YES;
				CLANG_WARN_SUSPICIOUS_MOVE = YES;
				CLANG_WARN_UNGUARDED_AVAILABILITY = YES_AGGRESSIVE;
				CLANG_WARN_UNREACHABLE_CODE = YES;
				CLANG_WARN__DUPLICATE_METHOD_MATCH = YES;
				COPY_PHASE_STRIP = NO;
				DEBUG_INFORMATION_FORMAT = "dwarf-with-dsym";
				ENABLE_NS_ASSERTIONS = NO;
				ENABLE_STRICT_OBJC_MSGSEND = YES;
				GCC_C_LANGUAGE_STANDARD = gnu11;
				GCC_NO_COMMON_BLOCKS = YES;
				GCC_WARN_64_TO_32_BIT_CONVERSION = YES;
				GCC_WARN_ABOUT_RETURN_TYPE = YES_ERROR;
				GCC_WARN_UNDECLARED_SELECTOR = YES;
				GCC_WARN_UNINITIALIZED_AUTOS = YES_AGGRESSIVE;
				GCC_WARN_UNUSED_FUNCTION = YES;
				GCC_WARN_UNUSED_VARIABLE = YES;
				IPHONEOS_DEPLOYMENT_TARGET = 14.5;
				MTL_ENABLE_DEBUG_INFO = NO;
				MTL_FAST_MATH = YES;
				SDKROOT = iphoneos;
				SWIFT_COMPILATION_MODE = wholemodule;
				SWIFT_OPTIMIZATION_LEVEL = "-O";
				VALIDATE_PRODUCT = YES;
			};
			name = Release;
		};
		02447AAF26D94F7D004A6CE9 /* Debug */ = {
			isa = XCBuildConfiguration;
			buildSettings = {
				ALWAYS_EMBED_SWIFT_STANDARD_LIBRARIES = YES;
				ASSETCATALOG_COMPILER_APPICON_NAME = AppIcon;
				ASSETCATALOG_COMPILER_GLOBAL_ACCENT_COLOR_NAME = AccentColor;
				CODE_SIGN_STYLE = Automatic;
				DEVELOPMENT_ASSET_PATHS = "";
				DEVELOPMENT_TEAM = EU9HUJJU2X;
				ENABLE_PREVIEWS = YES;
				INFOPLIST_FILE = OctopusDemo/Info.plist;
				IPHONEOS_DEPLOYMENT_TARGET = 14.0;
				LD_RUNPATH_SEARCH_PATHS = (
					"$(inherited)",
					"@executable_path/Frameworks",
				);
				PRODUCT_BUNDLE_IDENTIFIER = ai.picovoice.OctopusDemo;
				PRODUCT_NAME = "$(TARGET_NAME)";
				SWIFT_VERSION = 5.0;
				TARGETED_DEVICE_FAMILY = "1,2";
			};
			name = Debug;
		};
		02447AB026D94F7D004A6CE9 /* Release */ = {
			isa = XCBuildConfiguration;
			buildSettings = {
				ALWAYS_EMBED_SWIFT_STANDARD_LIBRARIES = YES;
				ASSETCATALOG_COMPILER_APPICON_NAME = AppIcon;
				ASSETCATALOG_COMPILER_GLOBAL_ACCENT_COLOR_NAME = AccentColor;
				CODE_SIGN_STYLE = Automatic;
				DEVELOPMENT_ASSET_PATHS = "";
				DEVELOPMENT_TEAM = EU9HUJJU2X;
				ENABLE_PREVIEWS = YES;
				INFOPLIST_FILE = OctopusDemo/Info.plist;
				IPHONEOS_DEPLOYMENT_TARGET = 14.0;
				LD_RUNPATH_SEARCH_PATHS = (
					"$(inherited)",
					"@executable_path/Frameworks",
				);
				PRODUCT_BUNDLE_IDENTIFIER = ai.picovoice.OctopusDemo;
				PRODUCT_NAME = "$(TARGET_NAME)";
				SWIFT_VERSION = 5.0;
				TARGETED_DEVICE_FAMILY = "1,2";
			};
			name = Release;
		};
		02447AB526D94F7D004A6CE9 /* Debug */ = {
			isa = XCBuildConfiguration;
			buildSettings = {
				ALWAYS_EMBED_SWIFT_STANDARD_LIBRARIES = YES;
				CODE_SIGN_STYLE = Automatic;
				DEVELOPMENT_TEAM = EU9HUJJU2X;
				INFOPLIST_FILE = OctopusDemoUITests/Info.plist;
				LD_RUNPATH_SEARCH_PATHS = (
					"$(inherited)",
					"@executable_path/Frameworks",
					"@loader_path/Frameworks",
				);
				PRODUCT_BUNDLE_IDENTIFIER = ai.picovoice.OctopusDemoUITests;
				PRODUCT_NAME = "$(TARGET_NAME)";
				SWIFT_VERSION = 5.0;
				TARGETED_DEVICE_FAMILY = "1,2";
				TEST_TARGET_NAME = OctopusDemo;
			};
			name = Debug;
		};
		02447AB626D94F7D004A6CE9 /* Release */ = {
			isa = XCBuildConfiguration;
			buildSettings = {
				ALWAYS_EMBED_SWIFT_STANDARD_LIBRARIES = YES;
				CODE_SIGN_STYLE = Automatic;
				DEVELOPMENT_TEAM = EU9HUJJU2X;
				INFOPLIST_FILE = OctopusDemoUITests/Info.plist;
				LD_RUNPATH_SEARCH_PATHS = (
					"$(inherited)",
					"@executable_path/Frameworks",
					"@loader_path/Frameworks",
				);
				PRODUCT_BUNDLE_IDENTIFIER = ai.picovoice.OctopusDemoUITests;
				PRODUCT_NAME = "$(TARGET_NAME)";
				SWIFT_VERSION = 5.0;
				TARGETED_DEVICE_FAMILY = "1,2";
				TEST_TARGET_NAME = OctopusDemo;
			};
			name = Release;
		};
/* End XCBuildConfiguration section */

/* Begin XCConfigurationList section */
		02447A8426D94F74004A6CE9 /* Build configuration list for PBXProject "OctopusDemo" */ = {
			isa = XCConfigurationList;
			buildConfigurations = (
				02447AAC26D94F7D004A6CE9 /* Debug */,
				02447AAD26D94F7D004A6CE9 /* Release */,
			);
			defaultConfigurationIsVisible = 0;
			defaultConfigurationName = Release;
		};
		02447AAE26D94F7D004A6CE9 /* Build configuration list for PBXNativeTarget "OctopusDemo" */ = {
			isa = XCConfigurationList;
			buildConfigurations = (
				02447AAF26D94F7D004A6CE9 /* Debug */,
				02447AB026D94F7D004A6CE9 /* Release */,
			);
			defaultConfigurationIsVisible = 0;
			defaultConfigurationName = Release;
		};
		02447AB426D94F7D004A6CE9 /* Build configuration list for PBXNativeTarget "OctopusDemoUITests" */ = {
			isa = XCConfigurationList;
			buildConfigurations = (
				02447AB526D94F7D004A6CE9 /* Debug */,
				02447AB626D94F7D004A6CE9 /* Release */,
			);
			defaultConfigurationIsVisible = 0;
			defaultConfigurationName = Release;
		};
/* End XCConfigurationList section */
	};
	rootObject = 02447A8126D94F74004A6CE9 /* Project object */;
}
