PODS:
  - Octopus-iOS (2.0.0)

DEPENDENCIES:
  - Octopus-iOS (from `https://raw.githubusercontent.com/Picovoice/octopus/v2.0-ios/binding/ios/Octopus-iOS.podspec`)

EXTERNAL SOURCES:
  Octopus-iOS:
    :podspec: https://raw.githubusercontent.com/Picovoice/octopus/v2.0-ios/binding/ios/Octopus-iOS.podspec

CHECKOUT OPTIONS:
  Octopus-iOS:
    :commit: c62346a66d77c9a7b42cb8c14fe3c9863ce4b231
    :git: https://github.com/Picovoice/octopus.git

SPEC CHECKSUMS:
  Octopus-iOS: b080b854eabe191e1bc90ff95248249123d98548

PODFILE CHECKSUM: 9f42df54a965ee9949ce8a1bc424bf2e051dd215

COCOAPODS: 1.11.3
