PODS:
  - Octopus-iOS (2.0.0)

DEPENDENCIES:
  - Octopus-iOS (from `https://raw.githubusercontent.com/Picovoice/octopus/v2.0-ios/binding/ios/Octopus-iOS.podspec`)

EXTERNAL SOURCES:
  Octopus-iOS:
    :podspec: https://raw.githubusercontent.com/Picovoice/octopus/v2.0-ios/binding/ios/Octopus-iOS.podspec

CHECKOUT OPTIONS:
  Octopus-iOS:
    :commit: c62346a66d77c9a7b42cb8c14fe3c9863ce4b231
    :git: https://github.com/Picovoice/octopus.git

SPEC CHECKSUMS:
  Octopus-iOS: d9a2332804f257b7dba87d110b42d59f05c1311e

PODFILE CHECKSUM: 8cc88b01c7b62d68035611532bb80b36f361ce12

COCOAPODS: 1.11.3
