PODS:
  - Octopus-iOS (1.1.0)

DEPENDENCIES:
  - Octopus-iOS (from `https://raw.githubusercontent.com/Picovoice/octopus/app-center/binding/ios/Octopus-iOS.podspec`)

EXTERNAL SOURCES:
  Octopus-iOS:
    :podspec: https://raw.githubusercontent.com/Picovoice/octopus/app-center/binding/ios/Octopus-iOS.podspec

CHECKOUT OPTIONS:
  Octopus-iOS:
    :commit: e9fbad4a89ca5e2e87baba1cd4c01975c7148c4e
    :git: https://github.com/Picovoice/octopus.git

SPEC CHECKSUMS:
  Octopus-iOS: 5f52400f37a299a42dbb8aac66ef1a56db49a946

PODFILE CHECKSUM: 5d9b4a257a5657e40ea4c6a6636592725ac7d643

COCOAPODS: 1.11.2
