PODS:
  - Octopus-iOS (1.2.0)

DEPENDENCIES:
  - Octopus-iOS (from `https://raw.githubusercontent.com/Picovoice/octopus/v1.2-ios/binding/ios/Octopus-iOS.podspec`)

EXTERNAL SOURCES:
  Octopus-iOS:
    :podspec: https://raw.githubusercontent.com/Picovoice/octopus/v1.2-ios/binding/ios/Octopus-iOS.podspec

CHECKOUT OPTIONS:
  Octopus-iOS:
    :commit: ed8e6d081ad71bf4d3b0091c2d2052985dd8b137
    :git: https://github.com/Picovoice/octopus.git

SPEC CHECKSUMS:
  Octopus-iOS: 8412074949b8ba85869469d07e7cd643c8a3c269

PODFILE CHECKSUM: 1b6def51b55e32d34df11f5ca49cf636150a920a

COCOAPODS: 1.11.2
