PODS:
  - Octopus-iOS (2.0.0)

DEPENDENCIES:
  - Octopus-iOS (from `https://raw.githubusercontent.com/Picovoice/octopus/v2.0-ios/binding/ios/Octopus-iOS.podspec`)

EXTERNAL SOURCES:
  Octopus-iOS:
    :podspec: https://raw.githubusercontent.com/Picovoice/octopus/v2.0-ios/binding/ios/Octopus-iOS.podspec

CHECKOUT OPTIONS:
  Octopus-iOS:
    :commit: 0b39a312fbac4d927373c6571499201a6fe43b9d
    :git: https://github.com/Picovoice/octopus.git

SPEC CHECKSUMS:
  Octopus-iOS: d9a2332804f257b7dba87d110b42d59f05c1311e

PODFILE CHECKSUM: ae328648efda38dd69cd49785cdb8eee21db3386

COCOAPODS: 1.11.3
